# THIS IS AN AUTOGENERATED FILE. DO NOT EDIT THIS FILE DIRECTLY.
# yarn lockfile v1


"@babel/code-frame@^7.10.4":
  "integrity" "sha512-HV1Cm0Q3ZrpCR93tkWOYiuYIgLxZXZFVG2VgK+MBWjUqZTundupbfx2aXarXuw5Ko5aMcjtJgbSs4vUGBS5v6g=="
  "resolved" "https://registry.npmjs.org/@babel/code-frame/-/code-frame-7.12.13.tgz"
  "version" "7.12.13"
  dependencies:
    "@babel/highlight" "^7.12.13"

"@babel/helper-validator-identifier@^7.12.11":
  "integrity" "sha512-np/lG3uARFybkoHokJUmf1QfEvRVCPbmQeUQpKow5cQ3xWrV9i3rUHodKDJPQfTVX61qKi+UdYk8kik84n7XOw=="
  "resolved" "https://registry.npmjs.org/@babel/helper-validator-identifier/-/helper-validator-identifier-7.12.11.tgz"
  "version" "7.12.11"

"@babel/highlight@^7.12.13":
  "integrity" "sha512-kocDQvIbgMKlWxXe9fof3TQ+gkIPOUSEYhJjqUjvKMez3krV7vbzYCDq39Oj11UAVK7JqPVGQPlgE85dPNlQww=="
  "resolved" "https://registry.npmjs.org/@babel/highlight/-/highlight-7.12.13.tgz"
  "version" "7.12.13"
  dependencies:
    "@babel/helper-validator-identifier" "^7.12.11"
    "chalk" "^2.0.0"
    "js-tokens" "^4.0.0"

"@babel/runtime-corejs3@^7.10.2":
  "integrity" "sha512-ngR7yhNTjDxxe1VYmhqQqqXZWujGb6g0IoA4qeG6MxNGRnIw2Zo8ImY8HfaQ7l3T6GklWhdNfyhWk0C0iocdVA=="
  "resolved" "https://registry.npmjs.org/@babel/runtime-corejs3/-/runtime-corejs3-7.12.18.tgz"
  "version" "7.12.18"
  dependencies:
    "core-js-pure" "^3.0.0"
    "regenerator-runtime" "^0.13.4"

"@babel/runtime@^7.10.2":
  "integrity" "sha512-BogPQ7ciE6SYAUPtlm9tWbgI9+2AgqSam6QivMgXgAT+fKbgppaj4ZX15MHeLC1PVF5sNk70huBu20XxWOs8Cg=="
  "resolved" "https://registry.npmjs.org/@babel/runtime/-/runtime-7.12.18.tgz"
  "version" "7.12.18"
  dependencies:
    "regenerator-runtime" "^0.13.4"

"@babel/runtime@^7.12.5":
  "integrity" "sha512-WBwekcqacdY2e9AF/Q7WLFUWmdJGJTkbjqTjoMDgXkVZ3ZRUvOPsLb5KdwISoQVsbP+DQzVZW4Zhci0DvpbNTQ=="
  "resolved" "https://registry.npmjs.org/@babel/runtime/-/runtime-7.16.3.tgz"
  "version" "7.16.3"
  dependencies:
    "regenerator-runtime" "^0.13.4"

"@babel/runtime@^7.9.2":
  "integrity" "sha512-WBwekcqacdY2e9AF/Q7WLFUWmdJGJTkbjqTjoMDgXkVZ3ZRUvOPsLb5KdwISoQVsbP+DQzVZW4Zhci0DvpbNTQ=="
  "resolved" "https://registry.npmjs.org/@babel/runtime/-/runtime-7.16.3.tgz"
  "version" "7.16.3"
  dependencies:
    "regenerator-runtime" "^0.13.4"

"@fortawesome/fontawesome-common-types@^0.2.36":
  "integrity" "sha512-a/7BiSgobHAgBWeN7N0w+lAhInrGxksn13uK7231n2m8EDPE3BMCl9NZLTGrj9ZXfCmC6LM0QLqXidIizVQ6yg=="
  "resolved" "https://registry.npmjs.org/@fortawesome/fontawesome-common-types/-/fontawesome-common-types-0.2.36.tgz"
  "version" "0.2.36"

"@fortawesome/fontawesome-svg-core@^1.2.36", "@fortawesome/fontawesome-svg-core@~1 || >=1.3.0-beta1":
  "integrity" "sha512-YUcsLQKYb6DmaJjIHdDWpBIGCcyE/W+p/LMGvjQem55Mm2XWVAP5kWTMKWLv9lwpCVjpLxPyOMOyUocP1GxrtA=="
  "resolved" "https://registry.npmjs.org/@fortawesome/fontawesome-svg-core/-/fontawesome-svg-core-1.2.36.tgz"
  "version" "1.2.36"
  dependencies:
    "@fortawesome/fontawesome-common-types" "^0.2.36"

"@fortawesome/free-solid-svg-icons@^5.15.4":
  "integrity" "sha512-JLmQfz6tdtwxoihXLg6lT78BorrFyCf59SAwBM6qV/0zXyVeDygJVb3fk+j5Qat+Yvcxp1buLTY5iDh1ZSAQ8w=="
  "resolved" "https://registry.npmjs.org/@fortawesome/free-solid-svg-icons/-/free-solid-svg-icons-5.15.4.tgz"
  "version" "5.15.4"
  dependencies:
    "@fortawesome/fontawesome-common-types" "^0.2.36"

"@fortawesome/react-fontawesome@^0.1.16":
  "integrity" "sha512-aLmzDwC9rEOAJv2UJdMns89VZR5Ry4IHu5dQQh24Z/lWKEm44lfQr1UNalZlkUaQN8d155tNh+CS7ntntj1VMA=="
  "resolved" "https://registry.npmjs.org/@fortawesome/react-fontawesome/-/react-fontawesome-0.1.16.tgz"
  "version" "0.1.16"
  dependencies:
    "prop-types" "^15.7.2"

"@jest/types@^26.6.2":
  "integrity" "sha512-fC6QCp7Sc5sX6g8Tvbmj4XUTbyrik0akgRy03yjXbQaBWWNWGE7SGtJk98m0N8nzegD/7SggrUlivxo5ax4KWQ=="
  "resolved" "https://registry.npmjs.org/@jest/types/-/types-26.6.2.tgz"
  "version" "26.6.2"
  dependencies:
    "@types/istanbul-lib-coverage" "^2.0.0"
    "@types/istanbul-reports" "^3.0.0"
    "@types/node" "*"
    "@types/yargs" "^15.0.0"
    "chalk" "^4.0.0"

"@jest/types@^27.2.5":
  "integrity" "sha512-nmuM4VuDtCZcY+eTpw+0nvstwReMsjPoj7ZR80/BbixulhLaiX+fbv8oeLW8WZlJMcsGQsTmMKT/iTZu1Uy/lQ=="
  "resolved" "https://registry.npmjs.org/@jest/types/-/types-27.2.5.tgz"
  "version" "27.2.5"
  dependencies:
    "@types/istanbul-lib-coverage" "^2.0.0"
    "@types/istanbul-reports" "^3.0.0"
    "@types/node" "*"
    "@types/yargs" "^16.0.0"
    "chalk" "^4.0.0"

"@next/env@12.0.10":
  "integrity" "sha512-mQVj0K6wQ5WEk/sL9SZ+mJXJUaG7el8CpZ6io1uFe9GgNTSC7EgUyNGqM6IQovIFc5ukF4O/hqsdh3S/DCgT2g=="
  "resolved" "https://registry.npmjs.org/@next/env/-/env-12.0.10.tgz"
  "version" "12.0.10"

"@next/swc-darwin-x64@12.0.10":
  "integrity" "sha512-Qykcu/gVC5oTvOQoRBhyuS5GYm5SbcgrFTsaLFkGBmEkg9eMQRiaCswk4IafpDXVzITkVFurzSM28q3tLW2qUw=="
  "resolved" "https://registry.npmjs.org/@next/swc-darwin-x64/-/swc-darwin-x64-12.0.10.tgz"
  "version" "12.0.10"

"@testing-library/dom@^7.28.1", "@testing-library/dom@>=7.21.4":
  "integrity" "sha512-3UqjCpey6HiTZT92vODYLPxTBWlM8ZOOjr3LX5F37/VRipW2M1kX6I/Cm4VXzteZqfGfagg8yXywpcOgQBlNsQ=="
  "resolved" "https://registry.npmjs.org/@testing-library/dom/-/dom-7.31.2.tgz"
  "version" "7.31.2"
  dependencies:
    "@babel/code-frame" "^7.10.4"
    "@babel/runtime" "^7.12.5"
    "@types/aria-query" "^4.2.0"
    "aria-query" "^4.2.2"
    "chalk" "^4.1.0"
    "dom-accessibility-api" "^0.5.6"
    "lz-string" "^1.4.4"
    "pretty-format" "^26.6.2"

"@testing-library/jest-dom@^5.11.4":
  "integrity" "sha512-kmj8opVDRE1E4GXyLlESsQthCXK7An28dFWxhiMwD7ZUI7ZxA6sjdJRxLerD9Jd8cHX4BDc1jzXaaZKqzlUkvg=="
  "resolved" "https://registry.npmjs.org/@testing-library/jest-dom/-/jest-dom-5.15.1.tgz"
  "version" "5.15.1"
  dependencies:
    "@babel/runtime" "^7.9.2"
    "@types/testing-library__jest-dom" "^5.9.1"
    "aria-query" "^4.2.2"
    "chalk" "^3.0.0"
    "css" "^3.0.0"
    "css.escape" "^1.5.1"
    "dom-accessibility-api" "^0.5.6"
    "lodash" "^4.17.15"
    "redent" "^3.0.0"

"@testing-library/react@^11.1.0":
  "integrity" "sha512-tzRNp7pzd5QmbtXNG/mhdcl7Awfu/Iz1RaVHY75zTdOkmHCuzMhRL83gWHSgOAcjS3CCbyfwUHMZgRJb4kAfpA=="
  "resolved" "https://registry.npmjs.org/@testing-library/react/-/react-11.2.7.tgz"
  "version" "11.2.7"
  dependencies:
    "@babel/runtime" "^7.12.5"
    "@testing-library/dom" "^7.28.1"

"@testing-library/user-event@^12.1.10":
  "integrity" "sha512-IR0iWbFkgd56Bu5ZI/ej8yQwrkCv8Qydx6RzwbKz9faXazR/+5tvYKsZQgyXJiwgpcva127YO6JcWy7YlCfofQ=="
  "resolved" "https://registry.npmjs.org/@testing-library/user-event/-/user-event-12.8.3.tgz"
  "version" "12.8.3"
  dependencies:
    "@babel/runtime" "^7.12.5"

"@types/aria-query@^4.2.0":
  "integrity" "sha512-HnYpAE1Y6kRyKM/XkEuiRQhTHvkzMBurTHnpFLYLBGPIylZNPs9jJcuOOYWxPLJCSEtmZT0Y8rHDokKN7rRTig=="
  "resolved" "https://registry.npmjs.org/@types/aria-query/-/aria-query-4.2.2.tgz"
  "version" "4.2.2"

"@types/istanbul-lib-coverage@*", "@types/istanbul-lib-coverage@^2.0.0":
  "integrity" "sha512-sz7iLqvVUg1gIedBOvlkxPlc8/uVzyS5OwGz1cKjXzkl3FpL3al0crU8YGU1WoHkxn0Wxbw5tyi6hvzJKNzFsw=="
  "resolved" "https://registry.npmjs.org/@types/istanbul-lib-coverage/-/istanbul-lib-coverage-2.0.3.tgz"
  "version" "2.0.3"

"@types/istanbul-lib-report@*":
  "integrity" "sha512-plGgXAPfVKFoYfa9NpYDAkseG+g6Jr294RqeqcqDixSbU34MZVJRi/P+7Y8GDpzkEwLaGZZOpKIEmeVZNtKsrg=="
  "resolved" "https://registry.npmjs.org/@types/istanbul-lib-report/-/istanbul-lib-report-3.0.0.tgz"
  "version" "3.0.0"
  dependencies:
    "@types/istanbul-lib-coverage" "*"

"@types/istanbul-reports@^3.0.0":
  "integrity" "sha512-nwKNbvnwJ2/mndE9ItP/zc2TCzw6uuodnF4EHYWD+gCQDVBuRQL5UzbZD0/ezy1iKsFU2ZQiDqg4M9dN4+wZgA=="
  "resolved" "https://registry.npmjs.org/@types/istanbul-reports/-/istanbul-reports-3.0.0.tgz"
  "version" "3.0.0"
  dependencies:
    "@types/istanbul-lib-report" "*"

"@types/jest@*":
  "integrity" "sha512-cmmwv9t7gBYt7hNKH5Spu7Kuu/DotGa+Ff+JGRKZ4db5eh8PnKS4LuebJ3YLUoyOyIHraTGyULn23YtEAm0VSg=="
  "resolved" "https://registry.npmjs.org/@types/jest/-/jest-27.0.3.tgz"
  "version" "27.0.3"
  dependencies:
    "jest-diff" "^27.0.0"
    "pretty-format" "^27.0.0"

"@types/jest@^26.0.15":
  "integrity" "sha512-E/X5Vib8BWqZNRlDxj9vYXhsDwPYbPINqKF9BsnSoon4RQ0D9moEuLD8txgyypFLH7J4+Lho9Nr/c8H0Fi+17w=="
  "resolved" "https://registry.npmjs.org/@types/jest/-/jest-26.0.24.tgz"
  "version" "26.0.24"
  dependencies:
    "jest-diff" "^26.0.0"
    "pretty-format" "^26.0.0"

"@types/node@*":
  "integrity" "sha512-vFHy/ezP5qI0rFgJ7aQnjDXwAMrG0KqqIH7tQG5PPv3BWBayOPIQNBjVc/P6hhdZfMx51REc6tfDNXHUio893g=="
  "resolved" "https://registry.npmjs.org/@types/node/-/node-14.14.31.tgz"
  "version" "14.14.31"

"@types/node@^12.0.0":
  "integrity" "sha512-i1KGxqcvJaLQali+WuypQnXwcplhtNtjs66eNsZpp2P2FL/trJJxx/VWsM0YCL2iMoIJrbXje48lvIQAQ4p2ZA=="
  "resolved" "https://registry.npmjs.org/@types/node/-/node-12.20.37.tgz"
  "version" "12.20.37"

"@types/prop-types@*":
  "integrity" "sha512-rZ5drC/jWjrArrS8BR6SIr4cWpW09RNTYt9AMZo3Jwwif+iacXAqgVjm0B0Bv/S1jhDXKHqRVNCbACkJ89RAnQ=="
  "resolved" "https://registry.npmjs.org/@types/prop-types/-/prop-types-15.7.4.tgz"
  "version" "15.7.4"

"@types/react-dom@^17.0.0":
  "integrity" "sha512-f96K3k+24RaLGVu/Y2Ng3e1EbZ8/cVJvypZWd7cy0ofCBaf2lcM46xNhycMZ2xGwbBjRql7hOlZ+e2WlJ5MH3Q=="
  "resolved" "https://registry.npmjs.org/@types/react-dom/-/react-dom-17.0.11.tgz"
  "version" "17.0.11"
  dependencies:
    "@types/react" "*"

"@types/react@*", "@types/react@^17.0.0":
  "integrity" "sha512-2FS1oTqBGcH/s0E+CjrCCR9+JMpsu9b69RTFO+40ua43ZqP5MmQ4iUde/dMjWR909KxZwmOQIFq6AV6NjEG5xg=="
  "resolved" "https://registry.npmjs.org/@types/react/-/react-17.0.37.tgz"
  "version" "17.0.37"
  dependencies:
    "@types/prop-types" "*"
    "@types/scheduler" "*"
    "csstype" "^3.0.2"

"@types/scheduler@*":
  "integrity" "sha512-hppQEBDmlwhFAXKJX2KnWLYu5yMfi91yazPb2l+lbJiwW+wdo1gNeRA+3RgNSO39WYX2euey41KEwnqesU2Jew=="
  "resolved" "https://registry.npmjs.org/@types/scheduler/-/scheduler-0.16.2.tgz"
  "version" "0.16.2"

"@types/testing-library__jest-dom@^5.9.1":
  "integrity" "sha512-Gk9vaXfbzc5zCXI9eYE9BI5BNHEp4D3FWjgqBE/ePGYElLAP+KvxBcsdkwfIVvezs605oiyd/VrpiHe3Oeg+Aw=="
  "resolved" "https://registry.npmjs.org/@types/testing-library__jest-dom/-/testing-library__jest-dom-5.14.1.tgz"
  "version" "5.14.1"
  dependencies:
    "@types/jest" "*"

"@types/yargs-parser@*":
  "integrity" "sha512-37RSHht+gzzgYeobbG+KWryeAW8J33Nhr69cjTqSYymXVZEN9NbRYWoYlRtDhHKPVT1FyNKwaTPC1NynKZpzRA=="
  "resolved" "https://registry.npmjs.org/@types/yargs-parser/-/yargs-parser-20.2.0.tgz"
  "version" "20.2.0"

"@types/yargs@^15.0.0":
  "integrity" "sha512-kQ5JNTrbDv3Rp5X2n/iUu37IJBDU2gsZ5R/g1/KHOOEc5IKfUFjXT6DENPGduh08I/pamwtEq4oul7gUqKTQDQ=="
  "resolved" "https://registry.npmjs.org/@types/yargs/-/yargs-15.0.13.tgz"
  "version" "15.0.13"
  dependencies:
    "@types/yargs-parser" "*"

"@types/yargs@^16.0.0":
  "integrity" "sha512-T8Yc9wt/5LbJyCaLiHPReJa0kApcIgJ7Bn735GjItUfh08Z1pJvu8QZqb9s+mMvKV6WUQRV7K2R46YbjMXTTJw=="
  "resolved" "https://registry.npmjs.org/@types/yargs/-/yargs-16.0.4.tgz"
  "version" "16.0.4"
  dependencies:
    "@types/yargs-parser" "*"

"ansi-regex@^5.0.0":
  "integrity" "sha512-bY6fj56OUQ0hU1KjFNDQuJFezqKdrAyFdIevADiqrWHwSlbmBNMHp5ak2f40Pm8JTFyM2mqxkG6ngkHO11f/lg=="
  "resolved" "https://registry.npmjs.org/ansi-regex/-/ansi-regex-5.0.0.tgz"
  "version" "5.0.0"

"ansi-regex@^5.0.1":
  "integrity" "sha512-quJQXlTSUGL2LH9SUXo8VwsY4soanhgo6LNSm84E1LBcE8s3O0wpdiRzyR9z/ZZJMlMWv37qOOb9pdJlMUEKFQ=="
  "resolved" "https://registry.npmjs.org/ansi-regex/-/ansi-regex-5.0.1.tgz"
  "version" "5.0.1"

"ansi-styles@^3.2.1":
  "integrity" "sha512-VT0ZI6kZRdTh8YyJw3SMbYm/u+NqfsAxEpWO0Pf9sq8/e94WxxOpPKx9FR1FlyCtOVDNOQ+8ntlqFxiRc+r5qA=="
  "resolved" "https://registry.npmjs.org/ansi-styles/-/ansi-styles-3.2.1.tgz"
  "version" "3.2.1"
  dependencies:
    "color-convert" "^1.9.0"

"ansi-styles@^4.0.0", "ansi-styles@^4.1.0":
  "integrity" "sha512-zbB9rCJAT1rbjiVDb2hqKFHNYLxgtk8NURxZ3IZwD3F6NtxbXZQCnnSi1Lkx+IDohdPlFp222wVALIheZJQSEg=="
  "resolved" "https://registry.npmjs.org/ansi-styles/-/ansi-styles-4.3.0.tgz"
  "version" "4.3.0"
  dependencies:
    "color-convert" "^2.0.1"

"ansi-styles@^5.0.0":
  "integrity" "sha512-Cxwpt2SfTzTtXcfOlzGEee8O+c+MmUgGrNiBcXnuWxuFJHe6a5Hz7qwhwe5OgaSYI0IJvkLqWX1ASG+cJOkEiA=="
  "resolved" "https://registry.npmjs.org/ansi-styles/-/ansi-styles-5.2.0.tgz"
  "version" "5.2.0"

"aria-query@^4.2.2":
  "integrity" "sha512-o/HelwhuKpTj/frsOsbNLNgnNGVIFsVP/SW2BSF14gVl7kAfMOJ6/8wUAUvG1R1NHKrfG+2sHZTu0yauT1qBrA=="
  "resolved" "https://registry.npmjs.org/aria-query/-/aria-query-4.2.2.tgz"
  "version" "4.2.2"
  dependencies:
    "@babel/runtime" "^7.10.2"
    "@babel/runtime-corejs3" "^7.10.2"

"atob@^2.1.2":
  "integrity" "sha512-Wm6ukoaOGJi/73p/cl2GvLjTI5JM1k/O14isD73YML8StrH/7/lRFgmg8nICZgD3bZZvjwCGxtMOD3wWNAu8cg=="
  "resolved" "https://registry.npmjs.org/atob/-/atob-2.1.2.tgz"
  "version" "2.1.2"

"caniuse-lite@^1.0.30001283":
  "integrity" "sha512-9RoKo841j1GQFSJz/nCXOj0sD7tHBtlowjYlrqIUS812x9/emfBLBt6IyMz1zIaYc/eRL8Cs6HPUVi2Hzq4sIg=="
  "resolved" "https://registry.npmjs.org/caniuse-lite/-/caniuse-lite-1.0.30001283.tgz"
  "version" "1.0.30001283"

"chalk@^2.0.0":
  "integrity" "sha512-Mti+f9lpJNcwF4tWV8/OrTTtF1gZi+f8FqlyAdouralcFWFQWF2+NgCHShjkCb+IFBLq9buZwE1xckQU4peSuQ=="
  "resolved" "https://registry.npmjs.org/chalk/-/chalk-2.4.2.tgz"
  "version" "2.4.2"
  dependencies:
    "ansi-styles" "^3.2.1"
    "escape-string-regexp" "^1.0.5"
    "supports-color" "^5.3.0"

"chalk@^3.0.0":
  "integrity" "sha512-4D3B6Wf41KOYRFdszmDqMCGq5VV/uMAB273JILmO+3jAlh8X4qDtdtgCR3fxtbLEMzSx22QdhnDcJvu2u1fVwg=="
  "resolved" "https://registry.npmjs.org/chalk/-/chalk-3.0.0.tgz"
  "version" "3.0.0"
  dependencies:
    "ansi-styles" "^4.1.0"
    "supports-color" "^7.1.0"

"chalk@^4.0.0":
  "integrity" "sha512-qwx12AxXe2Q5xQ43Ac//I6v5aXTipYrSESdOgzrN+9XjgEpyjpKuvSGaN4qE93f7TQTlerQQ8S+EQ0EyDoVL1A=="
  "resolved" "https://registry.npmjs.org/chalk/-/chalk-4.1.0.tgz"
  "version" "4.1.0"
  dependencies:
    "ansi-styles" "^4.1.0"
    "supports-color" "^7.1.0"

"chalk@^4.1.0":
  "integrity" "sha512-oKnbhFyRIXpUuez8iBMmyEa4nbj4IOQyuhc/wy9kY7/WVPcwIO9VA668Pu8RkO7+0G76SLROeyw9CpQ061i4mA=="
  "resolved" "https://registry.npmjs.org/chalk/-/chalk-4.1.2.tgz"
  "version" "4.1.2"
  dependencies:
    "ansi-styles" "^4.1.0"
    "supports-color" "^7.1.0"

"color-convert@^1.9.0":
  "integrity" "sha512-QfAUtd+vFdAtFQcC8CCyYt1fYWxSqAiK2cSD6zDB8N3cpsEBAvRxp9zOGg6G/SHHJYAT88/az/IuDGALsNVbGg=="
  "resolved" "https://registry.npmjs.org/color-convert/-/color-convert-1.9.3.tgz"
  "version" "1.9.3"
  dependencies:
    "color-name" "1.1.3"

"color-convert@^2.0.1":
  "integrity" "sha512-RRECPsj7iu/xb5oKYcsFHSppFNnsj/52OVTRKb4zP5onXwVF3zVmmToNcOfGC+CRDpfK/U584fMg38ZHCaElKQ=="
  "resolved" "https://registry.npmjs.org/color-convert/-/color-convert-2.0.1.tgz"
  "version" "2.0.1"
  dependencies:
    "color-name" "~1.1.4"

"color-name@~1.1.4":
  "integrity" "sha512-dOy+3AuW3a2wNbZHIuMZpTcgjGuLU/uBL/ubcZF9OXbDo8ff4O8yVp5Bf0efS8uEoYo5q4Fx7dY9OgQGXgAsQA=="
  "resolved" "https://registry.npmjs.org/color-name/-/color-name-1.1.4.tgz"
  "version" "1.1.4"

"color-name@1.1.3":
  "integrity" "sha1-p9BVi9icQveV3UIyj3QIMcpTvCU="
  "resolved" "https://registry.npmjs.org/color-name/-/color-name-1.1.3.tgz"
  "version" "1.1.3"

"core-js-pure@^3.0.0":
  "integrity" "sha512-3pEcmMZC9Cq0D4ZBh3pe2HLtqxpGNJBLXF/kZ2YzK17RbKp94w0HFbdbSx8H8kAlZG5k76hvLrkPm57Uyef+kg=="
  "resolved" "https://registry.npmjs.org/core-js-pure/-/core-js-pure-3.9.0.tgz"
  "version" "3.9.0"

"css.escape@^1.5.1":
  "integrity" "sha1-QuJ9T6BK4y+TGktNQZH6nN3ul8s="
  "resolved" "https://registry.npmjs.org/css.escape/-/css.escape-1.5.1.tgz"
  "version" "1.5.1"

"css@^3.0.0":
  "integrity" "sha512-DG9pFfwOrzc+hawpmqX/dHYHJG+Bsdb0klhyi1sDneOgGOXy9wQIC8hzyVp1e4NRYDBdxcylvywPkkXCHAzTyQ=="
  "resolved" "https://registry.npmjs.org/css/-/css-3.0.0.tgz"
  "version" "3.0.0"
  dependencies:
    "inherits" "^2.0.4"
    "source-map" "^0.6.1"
    "source-map-resolve" "^0.6.0"

"csstype@^3.0.2":
  "integrity" "sha512-2u44ZG2OcNUO9HDp/Jl8C07x6pU/eTR3ncV91SiK3dhG9TWvRVsCoJw14Ckx5DgWkzGA3waZWO3d7pgqpUI/XA=="
  "resolved" "https://registry.npmjs.org/csstype/-/csstype-3.0.10.tgz"
  "version" "3.0.10"

"decode-uri-component@^0.2.0":
  "integrity" "sha1-6zkTMzRYd1y4TNGh+uBiEGu4dUU="
  "resolved" "https://registry.npmjs.org/decode-uri-component/-/decode-uri-component-0.2.0.tgz"
  "version" "0.2.0"

"diff-sequences@^26.6.2":
  "integrity" "sha512-Mv/TDa3nZ9sbc5soK+OoA74BsS3mL37yixCvUAQkiuA4Wz6YtwP/K47n2rv2ovzHZvoiQeA5FTQOschKkEwB0Q=="
  "resolved" "https://registry.npmjs.org/diff-sequences/-/diff-sequences-26.6.2.tgz"
  "version" "26.6.2"

"diff-sequences@^27.0.6":
  "integrity" "sha512-ag6wfpBFyNXZ0p8pcuIDS//D8H062ZQJ3fzYxjpmeKjnz8W4pekL3AI8VohmyZmsWW2PWaHgjsmqR6L13101VQ=="
  "resolved" "https://registry.npmjs.org/diff-sequences/-/diff-sequences-27.0.6.tgz"
  "version" "27.0.6"

"dom-accessibility-api@^0.5.6":
  "integrity" "sha512-Xu9mD0UjrJisTmv7lmVSDMagQcU9R5hwAbxsaAE/35XPnPLJobbuREfV/rraiSaEj/UOvgrzQs66zyTWTlyd+g=="
  "resolved" "https://registry.npmjs.org/dom-accessibility-api/-/dom-accessibility-api-0.5.10.tgz"
  "version" "0.5.10"

"escape-string-regexp@^1.0.5":
  "integrity" "sha1-G2HAViGQqN/2rjuyzwIAyhMLhtQ="
  "resolved" "https://registry.npmjs.org/escape-string-regexp/-/escape-string-regexp-1.0.5.tgz"
  "version" "1.0.5"

"has-flag@^3.0.0":
  "integrity" "sha1-tdRU3CGZriJWmfNGfloH87lVuv0="
  "resolved" "https://registry.npmjs.org/has-flag/-/has-flag-3.0.0.tgz"
  "version" "3.0.0"

"has-flag@^4.0.0":
  "integrity" "sha512-EykJT/Q1KjTWctppgIAgfSO0tKVuZUjhgMr17kqTumMl6Afv3EISleU7qZUzoXDFTAHTDC4NOoG/ZxU3EvlMPQ=="
  "resolved" "https://registry.npmjs.org/has-flag/-/has-flag-4.0.0.tgz"
  "version" "4.0.0"

"indent-string@^4.0.0":
  "integrity" "sha512-EdDDZu4A2OyIK7Lr/2zG+w5jmbuk1DVBnEwREQvBzspBJkCEbRa8GxU1lghYcaGJCnRWibjDXlq779X1/y5xwg=="
  "resolved" "https://registry.npmjs.org/indent-string/-/indent-string-4.0.0.tgz"
  "version" "4.0.0"

"inherits@^2.0.4":
  "integrity" "sha512-k/vGaX4/Yla3WzyMCvTQOXYeIHvqOKtnqBduzTHpzpQZzAskKMhZ2K+EnBiSM9zGSoIFeMpXKxa4dYeZIQqewQ=="
  "resolved" "https://registry.npmjs.org/inherits/-/inherits-2.0.4.tgz"
  "version" "2.0.4"

"jest-diff@^26.0.0":
  "integrity" "sha512-6m+9Z3Gv9wN0WFVasqjCL/06+EFCMTqDEUl/b87HYK2rAPTyfz4ZIuSlPhY51PIQRWx5TaxeF1qmXKe9gfN3sA=="
  "resolved" "https://registry.npmjs.org/jest-diff/-/jest-diff-26.6.2.tgz"
  "version" "26.6.2"
  dependencies:
    "chalk" "^4.0.0"
    "diff-sequences" "^26.6.2"
    "jest-get-type" "^26.3.0"
    "pretty-format" "^26.6.2"

"jest-diff@^27.0.0":
  "integrity" "sha512-PCeuAH4AWUo2O5+ksW4pL9v5xJAcIKPUPfIhZBcG1RKv/0+dvaWTQK1Nrau8d67dp65fOqbeMdoil+6PedyEPQ=="
  "resolved" "https://registry.npmjs.org/jest-diff/-/jest-diff-27.3.1.tgz"
  "version" "27.3.1"
  dependencies:
    "chalk" "^4.0.0"
    "diff-sequences" "^27.0.6"
    "jest-get-type" "^27.3.1"
    "pretty-format" "^27.3.1"

"jest-get-type@^26.3.0":
  "integrity" "sha512-TpfaviN1R2pQWkIihlfEanwOXK0zcxrKEE4MlU6Tn7keoXdN6/3gK/xl0yEh8DOunn5pOVGKf8hB4R9gVh04ig=="
  "resolved" "https://registry.npmjs.org/jest-get-type/-/jest-get-type-26.3.0.tgz"
  "version" "26.3.0"

"jest-get-type@^27.3.1":
  "integrity" "sha512-+Ilqi8hgHSAdhlQ3s12CAVNd8H96ZkQBfYoXmArzZnOfAtVAJEiPDBirjByEblvG/4LPJmkL+nBqPO3A1YJAEg=="
  "resolved" "https://registry.npmjs.org/jest-get-type/-/jest-get-type-27.3.1.tgz"
  "version" "27.3.1"

"js-tokens@^3.0.0 || ^4.0.0", "js-tokens@^4.0.0":
  "integrity" "sha512-RdJUflcE3cUzKiMqQgsCu06FPu9UdIJO0beYbPhHN4k6apgJtifcoCtT9bcxOpYBtpD2kCM6Sbzg4CausW/PKQ=="
  "resolved" "https://registry.npmjs.org/js-tokens/-/js-tokens-4.0.0.tgz"
  "version" "4.0.0"

"lodash@^4.17.15":
  "integrity" "sha512-v2kDEe57lecTulaDIuNTPy3Ry4gLGJ6Z1O3vE1krgXZNrsQ+LFTGHVxVjcXPs17LhbZVGedAJv8XZ1tvj5FvSg=="
  "resolved" "https://registry.npmjs.org/lodash/-/lodash-4.17.21.tgz"
  "version" "4.17.21"

"loose-envify@^1.1.0", "loose-envify@^1.4.0":
  "integrity" "sha512-lyuxPGr/Wfhrlem2CL/UcnUc1zcqKAImBDzukY7Y5F/yQiNdko6+fRLevlw1HgMySw7f611UIY408EtxRSoK3Q=="
  "resolved" "https://registry.npmjs.org/loose-envify/-/loose-envify-1.4.0.tgz"
  "version" "1.4.0"
  dependencies:
    "js-tokens" "^3.0.0 || ^4.0.0"

"lz-string@^1.4.4":
  "integrity" "sha1-wNjq82BZ9wV5bh40SBHPTEmNOiY="
  "resolved" "https://registry.npmjs.org/lz-string/-/lz-string-1.4.4.tgz"
  "version" "1.4.4"

"min-indent@^1.0.0":
  "integrity" "sha512-I9jwMn07Sy/IwOj3zVkVik2JTvgpaykDZEigL6Rx6N9LbMywwUSMtxET+7lVoDLLd3O3IXwJwvuuns8UB/HeAg=="
  "resolved" "https://registry.npmjs.org/min-indent/-/min-indent-1.0.1.tgz"
  "version" "1.0.1"

"nanoid@^3.1.30":
  "integrity" "sha512-fmsZYa9lpn69Ad5eDn7FMcnnSR+8R34W9qJEijxYhTbfOWzr22n1QxCMzXLK+ODyW2973V3Fux959iQoUxzUIA=="
  "resolved" "https://registry.npmjs.org/nanoid/-/nanoid-3.2.0.tgz"
  "version" "3.2.0"

"next@^12.0.10":
  "integrity" "sha512-1y3PpGzpb/EZzz1jgne+JfZXKAVJUjYXwxzrADf/LWN+8yi9o79vMLXpW3mevvCHkEF2sBnIdjzNn16TJrINUw=="
  "resolved" "https://registry.npmjs.org/next/-/next-12.0.10.tgz"
  "version" "12.0.10"
  dependencies:
    "@next/env" "12.0.10"
    "caniuse-lite" "^1.0.30001283"
    "postcss" "8.4.5"
    "styled-jsx" "5.0.0"
    "use-subscription" "1.5.1"
  optionalDependencies:
    "@next/swc-android-arm64" "12.0.10"
    "@next/swc-darwin-arm64" "12.0.10"
    "@next/swc-darwin-x64" "12.0.10"
    "@next/swc-linux-arm-gnueabihf" "12.0.10"
    "@next/swc-linux-arm64-gnu" "12.0.10"
    "@next/swc-linux-arm64-musl" "12.0.10"
    "@next/swc-linux-x64-gnu" "12.0.10"
    "@next/swc-linux-x64-musl" "12.0.10"
    "@next/swc-win32-arm64-msvc" "12.0.10"
    "@next/swc-win32-ia32-msvc" "12.0.10"
    "@next/swc-win32-x64-msvc" "12.0.10"

"object-assign@^4.1.1":
  "integrity" "sha1-IQmtx5ZYh8/AXLvUQsrIv7s2CGM="
  "resolved" "https://registry.npmjs.org/object-assign/-/object-assign-4.1.1.tgz"
  "version" "4.1.1"

"picocolors@^1.0.0":
  "integrity" "sha512-1fygroTLlHu66zi26VoTDv8yRgm0Fccecssto+MhsZ0D/DGW2sm8E8AjW7NU5VVTRt5GxbeZ5qBuJr+HyLYkjQ=="
  "resolved" "https://registry.npmjs.org/picocolors/-/picocolors-1.0.0.tgz"
  "version" "1.0.0"

"postcss@8.4.5":
  "integrity" "sha512-jBDboWM8qpaqwkMwItqTQTiFikhs/67OYVvblFFTM7MrZjt6yMKd6r2kgXizEbTTljacm4NldIlZnhbjr84QYg=="
  "resolved" "https://registry.npmjs.org/postcss/-/postcss-8.4.5.tgz"
  "version" "8.4.5"
  dependencies:
    "nanoid" "^3.1.30"
    "picocolors" "^1.0.0"
    "source-map-js" "^1.0.1"

"pretty-format@^26.0.0", "pretty-format@^26.6.2":
  "integrity" "sha512-7AeGuCYNGmycyQbCqd/3PWH4eOoX/OiCa0uphp57NVTeAGdJGaAliecxwBDHYQCIvrW7aDBZCYeNTP/WX69mkg=="
  "resolved" "https://registry.npmjs.org/pretty-format/-/pretty-format-26.6.2.tgz"
  "version" "26.6.2"
  dependencies:
    "@jest/types" "^26.6.2"
    "ansi-regex" "^5.0.0"
    "ansi-styles" "^4.0.0"
    "react-is" "^17.0.1"

"pretty-format@^27.0.0", "pretty-format@^27.3.1":
  "integrity" "sha512-DR/c+pvFc52nLimLROYjnXPtolawm+uWDxr4FjuLDLUn+ktWnSN851KoHwHzzqq6rfCOjkzN8FLgDrSub6UDuA=="
  "resolved" "https://registry.npmjs.org/pretty-format/-/pretty-format-27.3.1.tgz"
  "version" "27.3.1"
  dependencies:
    "@jest/types" "^27.2.5"
    "ansi-regex" "^5.0.1"
    "ansi-styles" "^5.0.0"
    "react-is" "^17.0.1"

"prop-types@^15.7.2":
  "integrity" "sha512-8QQikdH7//R2vurIJSutZ1smHYTcLpRWEOlHnzcWHmBYrOGUysKwSsrC89BCiFj3CbrfJ/nXFdJepOVrY1GCHQ=="
  "resolved" "https://registry.npmjs.org/prop-types/-/prop-types-15.7.2.tgz"
  "version" "15.7.2"
  dependencies:
    "loose-envify" "^1.4.0"
    "object-assign" "^4.1.1"
    "react-is" "^16.8.1"

"react-dom@*", "react-dom@^17.0.2", "react-dom@^17.0.2 || ^18.0.0-0":
  "integrity" "sha512-s4h96KtLDUQlsENhMn1ar8t2bEa+q/YAtj8pPPdIjPDGBDIVNsrD9aXNWqspUe6AzKCIG0C1HZZLqLV7qpOBGA=="
  "resolved" "https://registry.npmjs.org/react-dom/-/react-dom-17.0.2.tgz"
  "version" "17.0.2"
  dependencies:
    "loose-envify" "^1.1.0"
    "object-assign" "^4.1.1"
    "scheduler" "^0.20.2"

"react-is@^16.8.1":
  "integrity" "sha512-24e6ynE2H+OKt4kqsOvNd8kBpV65zoxbA4BVsEOB3ARVWQki/DHzaUoC5KuON/BiccDaCCTZBuOcfZs70kR8bQ=="
  "resolved" "https://registry.npmjs.org/react-is/-/react-is-16.13.1.tgz"
  "version" "16.13.1"

"react-is@^17.0.1":
  "integrity" "sha512-NAnt2iGDXohE5LI7uBnLnqvLQMtzhkiAOLXTmv+qnF9Ky7xAPcX8Up/xWIhxvLVGJvuLiNc4xQLtuqDRzb4fSA=="
  "resolved" "https://registry.npmjs.org/react-is/-/react-is-17.0.1.tgz"
  "version" "17.0.1"

"react@*", "react@^16.8.0 || ^17.0.0", "react@^17.0.2", "react@^17.0.2 || ^18.0.0-0", "react@>= 16.8.0 || 17.x.x || 18.x.x", "react@>=16.x", "react@17.0.2":
  "integrity" "sha512-gnhPt75i/dq/z3/6q/0asP78D0u592D5L1pd7M8P+dck6Fu/jJeL6iVVK23fptSUZj8Vjf++7wXA8UNclGQcbA=="
  "resolved" "https://registry.npmjs.org/react/-/react-17.0.2.tgz"
  "version" "17.0.2"
  dependencies:
    "loose-envify" "^1.1.0"
    "object-assign" "^4.1.1"

"redent@^3.0.0":
  "integrity" "sha512-6tDA8g98We0zd0GvVeMT9arEOnTw9qM03L9cJXaCjrip1OO764RDBLBfrB4cwzNGDj5OA5ioymC9GkizgWJDUg=="
  "resolved" "https://registry.npmjs.org/redent/-/redent-3.0.0.tgz"
  "version" "3.0.0"
  dependencies:
    "indent-string" "^4.0.0"
    "strip-indent" "^3.0.0"

"regenerator-runtime@^0.13.4":
  "integrity" "sha512-a54FxoJDIr27pgf7IgeQGxmqUNYrcV338lf/6gH456HZ/PhX+5BcwHXG9ajESmwe6WRO0tAzRUrRmNONWgkrew=="
  "resolved" "https://registry.npmjs.org/regenerator-runtime/-/regenerator-runtime-0.13.7.tgz"
  "version" "0.13.7"

"scheduler@^0.20.2":
  "integrity" "sha512-2eWfGgAqqWFGqtdMmcL5zCMK1U8KlXv8SQFGglL3CEtd0aDVDWgeF/YoCmvln55m5zSk3J/20hTaSBeSObsQDQ=="
  "resolved" "https://registry.npmjs.org/scheduler/-/scheduler-0.20.2.tgz"
  "version" "0.20.2"
  dependencies:
    "loose-envify" "^1.1.0"
    "object-assign" "^4.1.1"

"source-map-js@^1.0.1":
  "integrity" "sha512-R0XvVJ9WusLiqTCEiGCmICCMplcCkIwwR11mOSD9CR5u+IXYdiseeEuXCVAjS54zqwkLcPNnmU4OeJ6tUrWhDw=="
  "resolved" "https://registry.npmjs.org/source-map-js/-/source-map-js-1.0.2.tgz"
  "version" "1.0.2"

"source-map-resolve@^0.6.0":
  "integrity" "sha512-KXBr9d/fO/bWo97NXsPIAW1bFSBOuCnjbNTBMO7N59hsv5i9yzRDfcYwwt0l04+VqnKC+EwzvJZIP/qkuMgR/w=="
  "resolved" "https://registry.npmjs.org/source-map-resolve/-/source-map-resolve-0.6.0.tgz"
  "version" "0.6.0"
  dependencies:
    "atob" "^2.1.2"
    "decode-uri-component" "^0.2.0"

"source-map@^0.6.1":
  "integrity" "sha512-UjgapumWlbMhkBgzT7Ykc5YXUT46F0iKu8SGXq0bcwP5dz/h0Plj6enJqjz1Zbq2l5WaqYnrVbwWOWMyF3F47g=="
  "resolved" "https://registry.npmjs.org/source-map/-/source-map-0.6.1.tgz"
  "version" "0.6.1"

"strip-indent@^3.0.0":
  "integrity" "sha512-laJTa3Jb+VQpaC6DseHhF7dXVqHTfJPCRDaEbid/drOhgitgYku/letMUqOXFoWV0zIIUbjpdH2t+tYj4bQMRQ=="
  "resolved" "https://registry.npmjs.org/strip-indent/-/strip-indent-3.0.0.tgz"
  "version" "3.0.0"
  dependencies:
    "min-indent" "^1.0.0"

"styled-jsx@5.0.0":
  "integrity" "sha512-qUqsWoBquEdERe10EW8vLp3jT25s/ssG1/qX5gZ4wu15OZpmSMFI2v+fWlRhLfykA5rFtlJ1ME8A8pm/peV4WA=="
  "resolved" "https://registry.npmjs.org/styled-jsx/-/styled-jsx-5.0.0.tgz"
  "version" "5.0.0"

"supports-color@^5.3.0":
  "integrity" "sha512-QjVjwdXIt408MIiAqCX4oUKsgU2EqAGzs2Ppkm4aQYbjm+ZEWEcW4SfFNTr4uMNZma0ey4f5lgLrkB0aX0QMow=="
  "resolved" "https://registry.npmjs.org/supports-color/-/supports-color-5.5.0.tgz"
  "version" "5.5.0"
  dependencies:
    "has-flag" "^3.0.0"

"supports-color@^7.1.0":
  "integrity" "sha512-qpCAvRl9stuOHveKsn7HncJRvv501qIacKzQlO/+Lwxc9+0q2wLyv4Dfvt80/DPn2pqOBsJdDiogXGR9+OvwRw=="
  "resolved" "https://registry.npmjs.org/supports-color/-/supports-color-7.2.0.tgz"
  "version" "7.2.0"
  dependencies:
    "has-flag" "^4.0.0"

"typescript@^4.1.2":
  "integrity" "sha512-5BlMof9H1yGt0P8/WF+wPNw6GfctgGjXp5hkblpyT+8rkASSmkUKMXrxR0Xg8ThVCi/JnHQiKXeBaEwCeQwMFw=="
  "resolved" "https://registry.npmjs.org/typescript/-/typescript-4.5.2.tgz"
  "version" "4.5.2"

"use-subscription@1.5.1":
  "integrity" "sha512-Xv2a1P/yReAjAbhylMfFplFKj9GssgTwN7RlcTxBujFQcloStWNDQdc4g4NRWH9xS4i/FDk04vQBptAXoF3VcA=="
  "resolved" "https://registry.npmjs.org/use-subscription/-/use-subscription-1.5.1.tgz"
  "version" "1.5.1"
  dependencies:
    "object-assign" "^4.1.1"

"web-vitals@^1.0.1":
  "integrity" "sha512-PFMKIY+bRSXlMxVAQ+m2aw9c/ioUYfDgrYot0YUa+/xa0sakubWhSDyxAKwzymvXVdF4CZI71g06W+mqhzu6ig=="
  "resolved" "https://registry.npmjs.org/web-vitals/-/web-vitals-1.1.2.tgz"
  "version" "1.1.2"
